// !$*UTF8*$!
{
	archiveVersion = 1;
	classes = {
	};
	objectVersion = 56;
	objects = {

/* Begin PBXBuildFile section */
		AA53EE1D2B6C85BC00112E85 /* AppDelegate.swift in Sources */ = {isa = PBXBuildFile; fileRef = AA53EE1C2B6C85BC00112E85 /* AppDelegate.swift */; };
		AA53EE1F2B6C85BC00112E85 /* SceneDelegate.swift in Sources */ = {isa = PBXBuildFile; fileRef = AA53EE1E2B6C85BC00112E85 /* SceneDelegate.swift */; };
		AA53EE212B6C85BC00112E85 /* ViewController.swift in Sources */ = {isa = PBXBuildFile; fileRef = AA53EE202B6C85BC00112E85 /* ViewController.swift */; };
		AA53EE242B6C85BC00112E85 /* Main.storyboard in Resources */ = {isa = PBXBuildFile; fileRef = AA53EE222B6C85BC00112E85 /* Main.storyboard */; };
		AA53EE262B6C85BE00112E85 /* Assets.xcassets in Resources */ = {isa = PBXBuildFile; fileRef = AA53EE252B6C85BE00112E85 /* Assets.xcassets */; };
		AA53EE292B6C85BE00112E85 /* LaunchScreen.storyboard in Resources */ = {isa = PBXBuildFile; fileRef = AA53EE272B6C85BE00112E85 /* LaunchScreen.storyboard */; };
		AA6286532B740DD800158314 /* ColorsDetailViewController.swift in Sources */ = {isa = PBXBuildFile; fileRef = AA6286522B740DD800158314 /* ColorsDetailViewController.swift */; };
		AA6286552B74247E00158314 /* UIcolorExtension .swift in Sources */ = {isa = PBXBuildFile; fileRef = AA6286542B74247E00158314 /* UIcolorExtension .swift */; };
/* End PBXBuildFile section */

/* Begin PBXFileReference section */
		AA53EE192B6C85BC00112E85 /* RandomColor.app */ = {isa = PBXFileReference; explicitFileType = wrapper.application; includeInIndex = 0; path = RandomColor.app; sourceTree = BUILT_PRODUCTS_DIR; };
		AA53EE1C2B6C85BC00112E85 /* AppDelegate.swift */ = {isa = PBXFileReference; lastKnownFileType = sourcecode.swift; path = AppDelegate.swift; sourceTree = "<group>"; };
		AA53EE1E2B6C85BC00112E85 /* SceneDelegate.swift */ = {isa = PBXFileReference; lastKnownFileType = sourcecode.swift; path = SceneDelegate.swift; sourceTree = "<group>"; };
		AA53EE202B6C85BC00112E85 /* ViewController.swift */ = {isa = PBXFileReference; lastKnownFileType = sourcecode.swift; path = ViewController.swift; sourceTree = "<group>"; };
		AA53EE232B6C85BC00112E85 /* Base */ = {isa = PBXFileReference; lastKnownFileType = file.storyboard; name = Base; path = Base.lproj/Main.storyboard; sourceTree = "<group>"; };
		AA53EE252B6C85BE00112E85 /* Assets.xcassets */ = {isa = PBXFileReference; lastKnownFileType = folder.assetcatalog; path = Assets.xcassets; sourceTree = "<group>"; };
		AA53EE282B6C85BE00112E85 /* Base */ = {isa = PBXFileReference; lastKnownFileType = file.storyboard; name = Base; path = Base.lproj/LaunchScreen.storyboard; sourceTree = "<group>"; };
		AA53EE2A2B6C85BE00112E85 /* Info.plist */ = {isa = PBXFileReference; lastKnownFileType = text.plist.xml; path = Info.plist; sourceTree = "<group>"; };
		AA6286522B740DD800158314 /* ColorsDetailViewController.swift */ = {isa = PBXFileReference; lastKnownFileType = sourcecode.swift; path = ColorsDetailViewController.swift; sourceTree = "<group>"; };
		AA6286542B74247E00158314 /* UIcolorExtension .swift */ = {isa = PBXFileReference; lastKnownFileType = sourcecode.swift; path = "UIcolorExtension .swift"; sourceTree = "<group>"; };
/* End PBXFileReference section */

/* Begin PBXFrameworksBuildPhase section */
		AA53EE162B6C85BC00112E85 /* Frameworks */ = {
			isa = PBXFrameworksBuildPhase;
			buildActionMask = 2147483647;
			files = (
			);
			runOnlyForDeploymentPostprocessing = 0;
		};
/* End PBXFrameworksBuildPhase section */

/* Begin PBXGroup section */
		AA53EE102B6C85BC00112E85 = {
			isa = PBXGroup;
			children = (
				AA53EE1B2B6C85BC00112E85 /* RandomColor */,
				AA53EE1A2B6C85BC00112E85 /* Products */,
			);
			sourceTree = "<group>";
		};
		AA53EE1A2B6C85BC00112E85 /* Products */ = {
			isa = PBXGroup;
			children = (
				AA53EE192B6C85BC00112E85 /* RandomColor.app */,
			);
			name = Products;
			sourceTree = "<group>";
		};
		AA53EE1B2B6C85BC00112E85 /* RandomColor */ = {
			isa = PBXGroup;
			children = (
				AA53EE1C2B6C85BC00112E85 /* AppDelegate.swift */,
				AA53EE1E2B6C85BC00112E85 /* SceneDelegate.swift */,
				AA53EE202B6C85BC00112E85 /* ViewController.swift */,
				AA6286522B740DD800158314 /* ColorsDetailViewController.swift */,
				AA6286542B74247E00158314 /* UIcolorExtension .swift */,
				AA53EE222B6C85BC00112E85 /* Main.storyboard */,
				AA53EE252B6C85BE00112E85 /* Assets.xcassets */,
				AA53EE272B6C85BE00112E85 /* LaunchScreen.storyboard */,
				AA53EE2A2B6C85BE00112E85 /* Info.plist */,
			);
			path = RandomColor;
			sourceTree = "<group>";
		};
/* End PBXGroup section */

/* Begin PBXNativeTarget section */
		AA53EE182B6C85BC00112E85 /* RandomColor */ = {
			isa = PBXNativeTarget;
			buildConfigurationList = AA53EE2D2B6C85BE00112E85 /* Build configuration list for PBXNativeTarget "RandomColor" */;
			buildPhases = (
				AA53EE152B6C85BC00112E85 /* Sources */,
				AA53EE162B6C85BC00112E85 /* Frameworks */,
				AA53EE172B6C85BC00112E85 /* Resources */,
			);
			buildRules = (
			);
			dependencies = (
			);
			name = RandomColor;
			productName = RandomColor;
			productReference = AA53EE192B6C85BC00112E85 /* RandomColor.app */;
			productType = "com.apple.product-type.application";
		};
/* End PBXNativeTarget section */

/* Begin PBXProject section */
		AA53EE112B6C85BC00112E85 /* Project object */ = {
			isa = PBXProject;
			attributes = {
				BuildIndependentTargetsInParallel = 1;
				LastSwiftUpdateCheck = 1420;
				LastUpgradeCheck = 1420;
				TargetAttributes = {
					AA53EE182B6C85BC00112E85 = {
						CreatedOnToolsVersion = 14.2;
					};
				};
			};
			buildConfigurationList = AA53EE142B6C85BC00112E85 /* Build configuration list for PBXProject "RandomColor" */;
			compatibilityVersion = "Xcode 14.0";
			developmentRegion = en;
			hasScannedForEncodings = 0;
			knownRegions = (
				en,
				Base,
			);
			mainGroup = AA53EE102B6C85BC00112E85;
			productRefGroup = AA53EE1A2B6C85BC00112E85 /* Products */;
			projectDirPath = "";
			projectRoot = "";
			targets = (
				AA53EE182B6C85BC00112E85 /* RandomColor */,
			);
		};
/* End PBXProject section */

/* Begin PBXResourcesBuildPhase section */
		AA53EE172B6C85BC00112E85 /* Resources */ = {
			isa = PBXResourcesBuildPhase;
			buildActionMask = 2147483647;
			files = (
				AA53EE292B6C85BE00112E85 /* LaunchScreen.storyboard in Resources */,
				AA53EE262B6C85BE00112E85 /* Assets.xcassets in Resources */,
				AA53EE242B6C85BC00112E85 /* Main.storyboard in Resources */,
			);
			runOnlyForDeploymentPostprocessing = 0;
		};
/* End PBXResourcesBuildPhase section */

/* Begin PBXSourcesBuildPhase section */
		AA53EE152B6C85BC00112E85 /* Sources */ = {
			isa = PBXSourcesBuildPhase;
			buildActionMask = 2147483647;
			files = (
				AA53EE212B6C85BC00112E85 /* ViewController.swift in Sources */,
				AA6286552B74247E00158314 /* UIcolorExtension .swift in Sources */,
				AA53EE1D2B6C85BC00112E85 /* AppDelegate.swift in Sources */,
				AA6286532B740DD800158314 /* ColorsDetailViewController.swift in Sources */,
				AA53EE1F2B6C85BC00112E85 /* SceneDelegate.swift in Sources */,
			);
			runOnlyForDeploymentPostprocessing = 0;
		};
/* End PBXSourcesBuildPhase section */

/* Begin PBXVariantGroup section */
		AA53EE222B6C85BC00112E85 /* Main.storyboard */ = {
			isa = PBXVariantGroup;
			children = (
				AA53EE232B6C85BC00112E85 /* Base */,
			);
			name = Main.storyboard;
			sourceTree = "<group>";
		};
		AA53EE272B6C85BE00112E85 /* LaunchScreen.storyboard */ = {
			isa = PBXVariantGroup;
			children = (
				AA53EE282B6C85BE00112E85 /* Base */,
			);
			name = LaunchScreen.storyboard;
			sourceTree = "<group>";
		};
/* End PBXVariantGroup section */

/* Begin XCBuildConfiguration section */
		AA53EE2B2B6C85BE00112E85 /* Debug */ = {
			isa = XCBuildConfiguration;
			buildSettings = {
				ALWAYS_SEARCH_USER_PATHS = NO;
				CLANG_ANALYZER_NONNULL = YES;
				CLANG_ANALYZER_NUMBER_OBJECT_CONVERSION = YES_AGGRESSIVE;
				CLANG_CXX_LANGUAGE_STANDARD = "gnu++20";
				CLANG_ENABLE_MODULES = YES;
				CLANG_ENABLE_OBJC_ARC = YES;
				CLANG_ENABLE_OBJC_WEAK = YES;
				CLANG_WARN_BLOCK_CAPTURE_AUTORELEASING = YES;
				CLANG_WARN_BOOL_CONVERSION = YES;
				CLANG_WARN_COMMA = YES;
				CLANG_WARN_CONSTANT_CONVERSION = YES;
				CLANG_WARN_DEPRECATED_OBJC_IMPLEMENTATIONS = YES;
				CLANG_WARN_DIRECT_OBJC_ISA_USAGE = YES_ERROR;
				CLANG_WARN_DOCUMENTATION_COMMENTS = YES;
				CLANG_WARN_EMPTY_BODY = YES;
				CLANG_WARN_ENUM_CONVERSION = YES;
				CLANG_WARN_INFINITE_RECURSION = YES;
				CLANG_WARN_INT_CONVERSION = YES;
				CLANG_WARN_NON_LITERAL_NULL_CONVERSION = YES;
				CLANG_WARN_OBJC_IMPLICIT_RETAIN_SELF = YES;
				CLANG_WARN_OBJC_LITERAL_CONVERSION = YES;
				CLANG_WARN_OBJC_ROOT_CLASS = YES_ERROR;
				CLANG_WARN_QUOTED_INCLUDE_IN_FRAMEWORK_HEADER = YES;
				CLANG_WARN_RANGE_LOOP_ANALYSIS = YES;
				CLANG_WARN_STRICT_PROTOTYPES = YES;
				CLANG_WARN_SUSPICIOUS_MOVE = YES;
				CLANG_WARN_UNGUARDED_AVAILABILITY = YES_AGGRESSIVE;
				CLANG_WARN_UNREACHABLE_CODE = YES;
				CLANG_WARN__DUPLICATE_METHOD_MATCH = YES;
				COPY_PHASE_STRIP = NO;
				DEBUG_INFORMATION_FORMAT = dwarf;
				ENABLE_STRICT_OBJC_MSGSEND = YES;
				ENABLE_TESTABILITY = YES;
				GCC_C_LANGUAGE_STANDARD = gnu11;
				GCC_DYNAMIC_NO_PIC = NO;
				GCC_NO_COMMON_BLOCKS = YES;
				GCC_OPTIMIZATION_LEVEL = 0;
				GCC_PREPROCESSOR_DEFINITIONS = (
					"DEBUG=1",
					"$(inherited)",
				);
				GCC_WARN_64_TO_32_BIT_CONVERSION = YES;
				GCC_WARN_ABOUT_RETURN_TYPE = YES_ERROR;
				GCC_WARN_UNDECLARED_SELECTOR = YES;
				GCC_WARN_UNINITIALIZED_AUTOS = YES_AGGRESSIVE;
				GCC_WARN_UNUSED_FUNCTION = YES;
				GCC_WARN_UNUSED_VARIABLE = YES;
				IPHONEOS_DEPLOYMENT_TARGET = 16.2;
				MTL_ENABLE_DEBUG_INFO = INCLUDE_SOURCE;
				MTL_FAST_MATH = YES;
				ONLY_ACTIVE_ARCH = YES;
				SDKROOT = iphoneos;
				SWIFT_ACTIVE_COMPILATION_CONDITIONS = DEBUG;
				SWIFT_OPTIMIZATION_LEVEL = "-Onone";
			};
			name = Debug;
		};
		AA53EE2C2B6C85BE00112E85 /* Release */ = {
			isa = XCBuildConfiguration;
			buildSettings = {
				ALWAYS_SEARCH_USER_PATHS = NO;
				CLANG_ANALYZER_NONNULL = YES;
				CLANG_ANALYZER_NUMBER_OBJECT_CONVERSION = YES_AGGRESSIVE;
				CLANG_CXX_LANGUAGE_STANDARD = "gnu++20";
				CLANG_ENABLE_MODULES = YES;
				CLANG_ENABLE_OBJC_ARC = YES;
				CLANG_ENABLE_OBJC_WEAK = YES;
				CLANG_WARN_BLOCK_CAPTURE_AUTORELEASING = YES;
				CLANG_WARN_BOOL_CONVERSION = YES;
				CLANG_WARN_COMMA = YES;
				CLANG_WARN_CONSTANT_CONVERSION = YES;
				CLANG_WARN_DEPRECATED_OBJC_IMPLEMENTATIONS = YES;
				CLANG_WARN_DIRECT_OBJC_ISA_USAGE = YES_ERROR;
				CLANG_WARN_DOCUMENTATION_COMMENTS = YES;
				CLANG_WARN_EMPTY_BODY = YES;
				CLANG_WARN_ENUM_CONVERSION = YES;
				CLANG_WARN_INFINITE_RECURSION = YES;
				CLANG_WARN_INT_CONVERSION = YES;
				CLANG_WARN_NON_LITERAL_NULL_CONVERSION = YES;
				CLANG_WARN_OBJC_IMPLICIT_RETAIN_SELF = YES;
				CLANG_WARN_OBJC_LITERAL_CONVERSION = YES;
				CLANG_WARN_OBJC_ROOT_CLASS = YES_ERROR;
				CLANG_WARN_QUOTED_INCLUDE_IN_FRAMEWORK_HEADER = YES;
				CLANG_WARN_RANGE_LOOP_ANALYSIS = YES;
				CLANG_WARN_STRICT_PROTOTYPES = YES;
				CLANG_WARN_SUSPICIOUS_MOVE = YES;
				CLANG_WARN_UNGUARDED_AVAILABILITY = YES_AGGRESSIVE;
				CLANG_WARN_UNREACHABLE_CODE = YES;
				CLANG_WARN__DUPLICATE_METHOD_MATCH = YES;
				COPY_PHASE_STRIP = NO;
				DEBUG_INFORMATION_FORMAT = "dwarf-with-dsym";
				ENABLE_NS_ASSERTIONS = NO;
				ENABLE_STRICT_OBJC_MSGSEND = YES;
				GCC_C_LANGUAGE_STANDARD = gnu11;
				GCC_NO_COMMON_BLOCKS = YES;
				GCC_WARN_64_TO_32_BIT_CONVERSION = YES;
				GCC_WARN_ABOUT_RETURN_TYPE = YES_ERROR;
				GCC_WARN_UNDECLARED_SELECTOR = YES;
				GCC_WARN_UNINITIALIZED_AUTOS = YES_AGGRESSIVE;
				GCC_WARN_UNUSED_FUNCTION = YES;
				GCC_WARN_UNUSED_VARIABLE = YES;
				IPHONEOS_DEPLOYMENT_TARGET = 16.2;
				MTL_ENABLE_DEBUG_INFO = NO;
				MTL_FAST_MATH = YES;
				SDKROOT = iphoneos;
				SWIFT_COMPILATION_MODE = wholemodule;
				SWIFT_OPTIMIZATION_LEVEL = "-O";
				VALIDATE_PRODUCT = YES;
			};
			name = Release;
		};
		AA53EE2E2B6C85BE00112E85 /* Debug */ = {
			isa = XCBuildConfiguration;
			buildSettings = {
				ASSETCATALOG_COMPILER_APPICON_NAME = AppIcon;
				ASSETCATALOG_COMPILER_GLOBAL_ACCENT_COLOR_NAME = AccentColor;
				CODE_SIGN_STYLE = Automatic;
				CURRENT_PROJECT_VERSION = 1;
				GENERATE_INFOPLIST_FILE = YES;
				INFOPLIST_FILE = RandomColor/Info.plist;
				INFOPLIST_KEY_UIApplicationSupportsIndirectInputEvents = YES;
				INFOPLIST_KEY_UILaunchStoryboardName = LaunchScreen;
				INFOPLIST_KEY_UIMainStoryboardFile = Main;
				INFOPLIST_KEY_UISupportedInterfaceOrientations_iPad = "UIInterfaceOrientationPortrait UIInterfaceOrientationPortraitUpsideDown UIInterfaceOrientationLandscapeLeft UIInterfaceOrientationLandscapeRight";
				INFOPLIST_KEY_UISupportedInterfaceOrientations_iPhone = "UIInterfaceOrientationPortrait UIInterfaceOrientationLandscapeLeft UIInterfaceOrientationLandscapeRight";
				IPHONEOS_DEPLOYMENT_TARGET = 14.0;
				LD_RUNPATH_SEARCH_PATHS = (
					"$(inherited)",
					"@executable_path/Frameworks",
				);
				MARKETING_VERSION = 1.0;
				PRODUCT_BUNDLE_IDENTIFIER = MA.RandomColor;
				PRODUCT_NAME = "$(TARGET_NAME)";
				SUPPORTED_PLATFORMS = "iphoneos iphonesimulator";
				SUPPORTS_MACCATALYST = NO;
				SUPPORTS_MAC_DESIGNED_FOR_IPHONE_IPAD = NO;
				SWIFT_EMIT_LOC_STRINGS = YES;
				SWIFT_VERSION = 5.0;
				TARGETED_DEVICE_FAMILY = 1;
			};
			name = Debug;
		};
		AA53EE2F2B6C85BE00112E85 /* Release */ = {
			isa = XCBuildConfiguration;
			buildSettings = {
				ASSETCATALOG_COMPILER_APPICON_NAME = AppIcon;
				ASSETCATALOG_COMPILER_GLOBAL_ACCENT_COLOR_NAME = AccentColor;
				CODE_SIGN_STYLE = Automatic;
				CURRENT_PROJECT_VERSION = 1;
				GENERATE_INFOPLIST_FILE = YES;
				INFOPLIST_FILE = RandomColor/Info.plist;
				INFOPLIST_KEY_UIApplicationSupportsIndirectInputEvents = YES;
				INFOPLIST_KEY_UILaunchStoryboardName = LaunchScreen;
				INFOPLIST_KEY_UIMainStoryboardFile = Main;
				INFOPLIST_KEY_UISupportedInterfaceOrientations_iPad = "UIInterfaceOrientationPortrait UIInterfaceOrientationPortraitUpsideDown UIInterfaceOrientationLandscapeLeft UIInterfaceOrientationLandscapeRight";
				INFOPLIST_KEY_UISupportedInterfaceOrientations_iPhone = "UIInterfaceOrientationPortrait UIInterfaceOrientationLandscapeLeft UIInterfaceOrientationLandscapeRight";
				IPHONEOS_DEPLOYMENT_TARGET = 14.0;
				LD_RUNPATH_SEARCH_PATHS = (
					"$(inherited)",
					"@executable_path/Frameworks",
				);
				MARKETING_VERSION = 1.0;
				PRODUCT_BUNDLE_IDENTIFIER = MA.RandomColor;
				PRODUCT_NAME = "$(TARGET_NAME)";
				SUPPORTED_PLATFORMS = "iphoneos iphonesimulator";
				SUPPORTS_MACCATALYST = NO;
				SUPPORTS_MAC_DESIGNED_FOR_IPHONE_IPAD = NO;
				SWIFT_EMIT_LOC_STRINGS = YES;
				SWIFT_VERSION = 5.0;
				TARGETED_DEVICE_FAMILY = 1;
			};
			name = Release;
		};
/* End XCBuildConfiguration section */

/* Begin XCConfigurationList section */
		AA53EE142B6C85BC00112E85 /* Build configuration list for PBXProject "RandomColor" */ = {
			isa = XCConfigurationList;
			buildConfigurations = (
				AA53EE2B2B6C85BE00112E85 /* Debug */,
				AA53EE2C2B6C85BE00112E85 /* Release */,
			);
			defaultConfigurationIsVisible = 0;
			defaultConfigurationName = Release;
		};
		AA53EE2D2B6C85BE00112E85 /* Build configuration list for PBXNativeTarget "RandomColor" */ = {
			isa = XCConfigurationList;
			buildConfigurations = (
				AA53EE2E2B6C85BE00112E85 /* Debug */,
				AA53EE2F2B6C85BE00112E85 /* Release */,
			);
			defaultConfigurationIsVisible = 0;
			defaultConfigurationName = Release;
		};
/* End XCConfigurationList section */
	};
	rootObject = AA53EE112B6C85BC00112E85 /* Project object */;
}
